
Microsoft Visual Studio Solution File, Format Version 11.00
# Visual Studio 2010
Project("{FAE04EC0-301F-11D3-BF4B-00C04F79EFBC}") = "AmplaTools.ProjectCreate", "ProjectCreate\AmplaTools.ProjectCreate.csproj", "{061EFA8E-C2C4-420E-B047-BA6B4DC5C536}"
EndProject
Project("{FAE04EC0-301F-11D3-BF4B-00C04F79EFBC}") = "AmplaTools.ProjectCreate.UnitTests", "UnitTests\AmplaTools.ProjectCreate.UnitTests.csproj", "{FB4EAF30-CE7E-4987-A425-D01F037AD5B9}"
	ProjectSection(ProjectDependencies) = postProject
		{061EFA8E-C2C4-420E-B047-BA6B4DC5C536} = {061EFA8E-C2C4-420E-B047-BA6B4DC5C536}
	EndProjectSection
EndProject
Project("{FAE04EC0-301F-11D3-BF4B-00C04F79EFBC}") = "AmplaTools.ProjectCreate.Excel", "Excel\AmplaTools.ProjectCreate.Excel.csproj", "{9135CE29-7FC8-41FD-8F34-B907AABAF1DB}"
EndProject
Project("{FAE04EC0-301F-11D3-BF4B-00C04F79EFBC}") = "AmplaTools.ProjectCreate.Excel.UnitTests", "Excel.UnitTests\AmplaTools.ProjectCreate.Excel.UnitTests.csproj", "{86AE7C17-2085-42D9-A684-EAFCCDD194C7}"
EndProject
Project("{FAE04EC0-301F-11D3-BF4B-00C04F79EFBC}") = "AmplaTools.ProjectCreate.Editor", "Editor\AmplaTools.ProjectCreate.Editor.csproj", "{9C48A119-D8CF-4959-9A79-DC52A3B6FBAA}"
EndProject
Project("{FAE04EC0-301F-11D3-BF4B-00C04F79EFBC}") = "AmplaTools.ProjectCreate.Editor.UnitTests", "Editor.UnitTests\AmplaTools.ProjectCreate.Editor.UnitTests.csproj", "{9A7A1839-66A9-4903-AD95-9F1041B682FE}"
EndProject
Project("{2150E333-8FDC-42A3-9474-1A3956D46DE8}") = "UnitTests", "UnitTests", "{5D056101-B5DC-4983-AEB7-A15D6FE0FD52}"
EndProject
Global
	GlobalSection(SolutionConfigurationPlatforms) = preSolution
		Debug|Any CPU = Debug|Any CPU
		Debug|Mixed Platforms = Debug|Mixed Platforms
		Debug|x86 = Debug|x86
		Release|Any CPU = Release|Any CPU
		Release|Mixed Platforms = Release|Mixed Platforms
		Release|x86 = Release|x86
	EndGlobalSection
	GlobalSection(ProjectConfigurationPlatforms) = postSolution
		{061EFA8E-C2C4-420E-B047-BA6B4DC5C536}.Debug|Any CPU.ActiveCfg = Debug|Any CPU
		{061EFA8E-C2C4-420E-B047-BA6B4DC5C536}.Debug|Any CPU.Build.0 = Debug|Any CPU
		{061EFA8E-C2C4-420E-B047-BA6B4DC5C536}.Debug|Mixed Platforms.ActiveCfg = Debug|Any CPU
		{061EFA8E-C2C4-420E-B047-BA6B4DC5C536}.Debug|Mixed Platforms.Build.0 = Debug|Any CPU
		{061EFA8E-C2C4-420E-B047-BA6B4DC5C536}.Debug|x86.ActiveCfg = Debug|Any CPU
		{061EFA8E-C2C4-420E-B047-BA6B4DC5C536}.Release|Any CPU.ActiveCfg = Release|Any CPU
		{061EFA8E-C2C4-420E-B047-BA6B4DC5C536}.Release|Any CPU.Build.0 = Release|Any CPU
		{061EFA8E-C2C4-420E-B047-BA6B4DC5C536}.Release|Mixed Platforms.ActiveCfg = Release|Any CPU
		{061EFA8E-C2C4-420E-B047-BA6B4DC5C536}.Release|Mixed Platforms.Build.0 = Release|Any CPU
		{061EFA8E-C2C4-420E-B047-BA6B4DC5C536}.Release|x86.ActiveCfg = Release|Any CPU
		{FB4EAF30-CE7E-4987-A425-D01F037AD5B9}.Debug|Any CPU.ActiveCfg = Debug|Any CPU
		{FB4EAF30-CE7E-4987-A425-D01F037AD5B9}.Debug|Any CPU.Build.0 = Debug|Any CPU
		{FB4EAF30-CE7E-4987-A425-D01F037AD5B9}.Debug|Mixed Platforms.ActiveCfg = Debug|Any CPU
		{FB4EAF30-CE7E-4987-A425-D01F037AD5B9}.Debug|Mixed Platforms.Build.0 = Debug|Any CPU
		{FB4EAF30-CE7E-4987-A425-D01F037AD5B9}.Debug|x86.ActiveCfg = Debug|Any CPU
		{FB4EAF30-CE7E-4987-A425-D01F037AD5B9}.Release|Any CPU.ActiveCfg = Release|Any CPU
		{FB4EAF30-CE7E-4987-A425-D01F037AD5B9}.Release|Any CPU.Build.0 = Release|Any CPU
		{FB4EAF30-CE7E-4987-A425-D01F037AD5B9}.Release|Mixed Platforms.ActiveCfg = Release|Any CPU
		{FB4EAF30-CE7E-4987-A425-D01F037AD5B9}.Release|Mixed Platforms.Build.0 = Release|Any CPU
		{FB4EAF30-CE7E-4987-A425-D01F037AD5B9}.Release|x86.ActiveCfg = Release|Any CPU
		{9135CE29-7FC8-41FD-8F34-B907AABAF1DB}.Debug|Any CPU.ActiveCfg = Debug|Any CPU
		{9135CE29-7FC8-41FD-8F34-B907AABAF1DB}.Debug|Any CPU.Build.0 = Debug|Any CPU
		{9135CE29-7FC8-41FD-8F34-B907AABAF1DB}.Debug|Mixed Platforms.ActiveCfg = Debug|Any CPU
		{9135CE29-7FC8-41FD-8F34-B907AABAF1DB}.Debug|Mixed Platforms.Build.0 = Debug|Any CPU
		{9135CE29-7FC8-41FD-8F34-B907AABAF1DB}.Debug|x86.ActiveCfg = Debug|Any CPU
		{9135CE29-7FC8-41FD-8F34-B907AABAF1DB}.Release|Any CPU.ActiveCfg = Release|Any CPU
		{9135CE29-7FC8-41FD-8F34-B907AABAF1DB}.Release|Any CPU.Build.0 = Release|Any CPU
		{9135CE29-7FC8-41FD-8F34-B907AABAF1DB}.Release|Mixed Platforms.ActiveCfg = Release|Any CPU
		{9135CE29-7FC8-41FD-8F34-B907AABAF1DB}.Release|Mixed Platforms.Build.0 = Release|Any CPU
		{9135CE29-7FC8-41FD-8F34-B907AABAF1DB}.Release|x86.ActiveCfg = Release|Any CPU
		{86AE7C17-2085-42D9-A684-EAFCCDD194C7}.Debug|Any CPU.ActiveCfg = Debug|Any CPU
		{86AE7C17-2085-42D9-A684-EAFCCDD194C7}.Debug|Any CPU.Build.0 = Debug|Any CPU
		{86AE7C17-2085-42D9-A684-EAFCCDD194C7}.Debug|Mixed Platforms.ActiveCfg = Debug|Any CPU
		{86AE7C17-2085-42D9-A684-EAFCCDD194C7}.Debug|Mixed Platforms.Build.0 = Debug|Any CPU
		{86AE7C17-2085-42D9-A684-EAFCCDD194C7}.Debug|x86.ActiveCfg = Debug|Any CPU
		{86AE7C17-2085-42D9-A684-EAFCCDD194C7}.Release|Any CPU.ActiveCfg = Release|Any CPU
		{86AE7C17-2085-42D9-A684-EAFCCDD194C7}.Release|Any CPU.Build.0 = Release|Any CPU
		{86AE7C17-2085-42D9-A684-EAFCCDD194C7}.Release|Mixed Platforms.ActiveCfg = Release|Any CPU
		{86AE7C17-2085-42D9-A684-EAFCCDD194C7}.Release|Mixed Platforms.Build.0 = Release|Any CPU
		{86AE7C17-2085-42D9-A684-EAFCCDD194C7}.Release|x86.ActiveCfg = Release|Any CPU
		{9C48A119-D8CF-4959-9A79-DC52A3B6FBAA}.Debug|Any CPU.ActiveCfg = Debug|x86
		{9C48A119-D8CF-4959-9A79-DC52A3B6FBAA}.Debug|Any CPU.Build.0 = Debug|x86
		{9C48A119-D8CF-4959-9A79-DC52A3B6FBAA}.Debug|Mixed Platforms.ActiveCfg = Debug|x86
		{9C48A119-D8CF-4959-9A79-DC52A3B6FBAA}.Debug|Mixed Platforms.Build.0 = Debug|x86
		{9C48A119-D8CF-4959-9A79-DC52A3B6FBAA}.Debug|x86.ActiveCfg = Debug|x86
		{9C48A119-D8CF-4959-9A79-DC52A3B6FBAA}.Debug|x86.Build.0 = Debug|x86
		{9C48A119-D8CF-4959-9A79-DC52A3B6FBAA}.Release|Any CPU.ActiveCfg = Release|x86
		{9C48A119-D8CF-4959-9A79-DC52A3B6FBAA}.Release|Any CPU.Build.0 = Release|x86
		{9C48A119-D8CF-4959-9A79-DC52A3B6FBAA}.Release|Mixed Platforms.ActiveCfg = Release|x86
		{9C48A119-D8CF-4959-9A79-DC52A3B6FBAA}.Release|Mixed Platforms.Build.0 = Release|x86
		{9C48A119-D8CF-4959-9A79-DC52A3B6FBAA}.Release|x86.ActiveCfg = Release|x86
		{9C48A119-D8CF-4959-9A79-DC52A3B6FBAA}.Release|x86.Build.0 = Release|x86
		{9A7A1839-66A9-4903-AD95-9F1041B682FE}.Debug|Any CPU.ActiveCfg = Debug|Any CPU
		{9A7A1839-66A9-4903-AD95-9F1041B682FE}.Debug|Any CPU.Build.0 = Debug|Any CPU
		{9A7A1839-66A9-4903-AD95-9F1041B682FE}.Debug|Mixed Platforms.ActiveCfg = Debug|Any CPU
		{9A7A1839-66A9-4903-AD95-9F1041B682FE}.Debug|Mixed Platforms.Build.0 = Debug|Any CPU
		{9A7A1839-66A9-4903-AD95-9F1041B682FE}.Debug|x86.ActiveCfg = Debug|Any CPU
		{9A7A1839-66A9-4903-AD95-9F1041B682FE}.Release|Any CPU.ActiveCfg = Release|Any CPU
		{9A7A1839-66A9-4903-AD95-9F1041B682FE}.Release|Any CPU.Build.0 = Release|Any CPU
		{9A7A1839-66A9-4903-AD95-9F1041B682FE}.Release|Mixed Platforms.ActiveCfg = Release|Any CPU
		{9A7A1839-66A9-4903-AD95-9F1041B682FE}.Release|Mixed Platforms.Build.0 = Release|Any CPU
		{9A7A1839-66A9-4903-AD95-9F1041B682FE}.Release|x86.ActiveCfg = Release|Any CPU
	EndGlobalSection
	GlobalSection(SolutionProperties) = preSolution
		HideSolutionNode = FALSE
	EndGlobalSection
	GlobalSection(NestedProjects) = preSolution
		{86AE7C17-2085-42D9-A684-EAFCCDD194C7} = {5D056101-B5DC-4983-AEB7-A15D6FE0FD52}
		{9A7A1839-66A9-4903-AD95-9F1041B682FE} = {5D056101-B5DC-4983-AEB7-A15D6FE0FD52}
		{FB4EAF30-CE7E-4987-A425-D01F037AD5B9} = {5D056101-B5DC-4983-AEB7-A15D6FE0FD52}
	EndGlobalSection
EndGlobal
